<Solution>
  <Folder Name="/src/" />
  <Folder Name="/src/Gateway/">
    <Project Path="src/Gateway/ApiGateway/ApiGateway.csproj" />
  </Folder>
  <Folder Name="/src/Services/">
    <Project Path="src/Services/NotificationService/NotificationService.csproj" />
    <Project Path="src/Services/TicketService/TicketService.csproj" />
    <Project Path="src/Services/UserManagementService/UserManagementService.csproj" />
  </Folder>
  <Folder Name="/src/Shared/">
    <Project Path="src/Shared/IntegrationContracts/IntegrationContracts.csproj" />
  </Folder>
</Solution>
